// !$*UTF8*$!
{
	archiveVersion = 1;
	classes = {
	};
	objectVersion = 56;
	objects = {

/* Begin PBXBuildFile section */
		4410864F2C8D0FC7009890B1 /* RecorderWidgetView.swift in Sources */ = {isa = PBXBuildFile; fileRef = 4410864E2C8D0FC7009890B1 /* RecorderWidgetView.swift */; };
		4420CD192C9CE9FB00146CEB /* SearchAdventureView.swift in Sources */ = {isa = PBXBuildFile; fileRef = 4420CD132C9CE9FB00146CEB /* SearchAdventureView.swift */; };
		4420CD1A2C9CE9FB00146CEB /* SearchAdventureViewModel.swift in Sources */ = {isa = PBXBuildFile; fileRef = 4420CD142C9CE9FB00146CEB /* SearchAdventureViewModel.swift */; };
		4420CD1B2C9CE9FB00146CEB /* FileManager.swift in Sources */ = {isa = PBXBuildFile; fileRef = 4420CD152C9CE9FB00146CEB /* FileManager.swift */; };
		4420CD1C2C9CE9FB00146CEB /* ExportSheet.swift in Sources */ = {isa = PBXBuildFile; fileRef = 4420CD162C9CE9FB00146CEB /* ExportSheet.swift */; };
		4420CD1D2C9CE9FB00146CEB /* SearchBuddyViewModel.swift in Sources */ = {isa = PBXBuildFile; fileRef = 4420CD172C9CE9FB00146CEB /* SearchBuddyViewModel.swift */; };
		4458D3072BC6F005003FF70A /* ProgressViewModel.swift in Sources */ = {isa = PBXBuildFile; fileRef = 4458D3062BC6F005003FF70A /* ProgressViewModel.swift */; };
		4458D3092BC6F052003FF70A /* ProgressView.swift in Sources */ = {isa = PBXBuildFile; fileRef = 4458D3082BC6F052003FF70A /* ProgressView.swift */; };
		447237F62BBEA40E0073B4D4 /* WordSorterContentView.swift in Sources */ = {isa = PBXBuildFile; fileRef = 447237F52BBEA40E0073B4D4 /* WordSorterContentView.swift */; };
		447237F82BBEA4AA0073B4D4 /* WordSorterViewModel.swift in Sources */ = {isa = PBXBuildFile; fileRef = 447237F72BBEA4AA0073B4D4 /* WordSorterViewModel.swift */; };
		447237FA2BBEA5140073B4D4 /* Word.swift in Sources */ = {isa = PBXBuildFile; fileRef = 447237F92BBEA5140073B4D4 /* Word.swift */; };
		447237FC2BBEB9B70073B4D4 /* CustomSlider.swift in Sources */ = {isa = PBXBuildFile; fileRef = 447237FB2BBEB9B70073B4D4 /* CustomSlider.swift */; };
		447237FF2BBF72D10073B4D4 /* SQLite in Frameworks */ = {isa = PBXBuildFile; productRef = 447237FE2BBF72D10073B4D4 /* SQLite */; };
		447238012BBF72FA0073B4D4 /* DatabaseManager.swift in Sources */ = {isa = PBXBuildFile; fileRef = 447238002BBF72FA0073B4D4 /* DatabaseManager.swift */; };
		4472383B2BC352230073B4D4 /* ShareSheet.swift in Sources */ = {isa = PBXBuildFile; fileRef = 4472383A2BC352230073B4D4 /* ShareSheet.swift */; };
		44ACF6042BBB38F50076C786 /* RankerApp.swift in Sources */ = {isa = PBXBuildFile; fileRef = 44ACF6032BBB38F50076C786 /* RankerApp.swift */; };
		44ACF60A2BBB38F60076C786 /* Assets.xcassets in Resources */ = {isa = PBXBuildFile; fileRef = 44ACF6092BBB38F60076C786 /* Assets.xcassets */; };
		44ACF60D2BBB38F60076C786 /* Preview Assets.xcassets in Resources */ = {isa = PBXBuildFile; fileRef = 44ACF60C2BBB38F60076C786 /* Preview Assets.xcassets */; };
		44ACF6172BBB38F60076C786 /* RankerTests.swift in Sources */ = {isa = PBXBuildFile; fileRef = 44ACF6162BBB38F60076C786 /* RankerTests.swift */; };
		44ACF6212BBB38F60076C786 /* RankerUITests.swift in Sources */ = {isa = PBXBuildFile; fileRef = 44ACF6202BBB38F60076C786 /* RankerUITests.swift */; };
		44ACF6232BBB38F60076C786 /* RankerUITestsLaunchTests.swift in Sources */ = {isa = PBXBuildFile; fileRef = 44ACF6222BBB38F60076C786 /* RankerUITestsLaunchTests.swift */; };
		AE50A0F08E51E1B89D164364 /* Test Instructions.txt in Resources */ = {isa = PBXBuildFile; fileRef = AE50AB5808E59A60E940596C /* Test Instructions.txt */; };
		AE50A10E9EDBA7C284FACBFA /* AssociatedIdeasView.swift in Sources */ = {isa = PBXBuildFile; fileRef = AE50A42F012A90B6109C8E88 /* AssociatedIdeasView.swift */; };
		AE50A9F899BEE8912EF32900 /* SearchBuddy.swift in Sources */ = {isa = PBXBuildFile; fileRef = AE50A878973A42609D651779 /* SearchBuddy.swift */; };
		AE50AD305EC64BFFA048E2E4 /* DatabaseManagerTests.swift in Sources */ = {isa = PBXBuildFile; fileRef = AE50AF304D5E7C3AEC9E779A /* DatabaseManagerTests.swift */; };
		AE50AE3D7DD55737BAE95B87 /* AssociatedIdeasViewTests.swift in Sources */ = {isa = PBXBuildFile; fileRef = AE50A8E386106B950CDBD236 /* AssociatedIdeasViewTests.swift */; };
		AE50AE6CF9F886A968A8D9A9 /* WordSorterViewModelTests.swift in Sources */ = {isa = PBXBuildFile; fileRef = AE50AE0F6A13B6F8BA78F82C /* WordSorterViewModelTests.swift */; };
/* End PBXBuildFile section */

/* Begin PBXContainerItemProxy section */
		44ACF6132BBB38F60076C786 /* PBXContainerItemProxy */ = {
			isa = PBXContainerItemProxy;
			containerPortal = 44ACF5F82BBB38F50076C786 /* Project object */;
			proxyType = 1;
			remoteGlobalIDString = 44ACF5FF2BBB38F50076C786;
			remoteInfo = Ranker;
		};
		44ACF61D2BBB38F60076C786 /* PBXContainerItemProxy */ = {
			isa = PBXContainerItemProxy;
			containerPortal = 44ACF5F82BBB38F50076C786 /* Project object */;
			proxyType = 1;
			remoteGlobalIDString = 44ACF5FF2BBB38F50076C786;
			remoteInfo = Ranker;
		};
/* End PBXContainerItemProxy section */

/* Begin PBXFileReference section */
		440121F32C9FA416003CEA5E /* RankerTests.xctestplan */ = {isa = PBXFileReference; lastKnownFileType = text; path = RankerTests.xctestplan; sourceTree = SOURCE_ROOT; };
		4410864E2C8D0FC7009890B1 /* RecorderWidgetView.swift */ = {isa = PBXFileReference; fileEncoding = 4; lastKnownFileType = sourcecode.swift; path = RecorderWidgetView.swift; sourceTree = "<group>"; };
		4420CD132C9CE9FB00146CEB /* SearchAdventureView.swift */ = {isa = PBXFileReference; fileEncoding = 4; lastKnownFileType = sourcecode.swift; path = SearchAdventureView.swift; sourceTree = "<group>"; };
		4420CD142C9CE9FB00146CEB /* SearchAdventureViewModel.swift */ = {isa = PBXFileReference; fileEncoding = 4; lastKnownFileType = sourcecode.swift; path = SearchAdventureViewModel.swift; sourceTree = "<group>"; };
		4420CD152C9CE9FB00146CEB /* FileManager.swift */ = {isa = PBXFileReference; fileEncoding = 4; lastKnownFileType = sourcecode.swift; path = FileManager.swift; sourceTree = "<group>"; };
		4420CD162C9CE9FB00146CEB /* ExportSheet.swift */ = {isa = PBXFileReference; fileEncoding = 4; lastKnownFileType = sourcecode.swift; path = ExportSheet.swift; sourceTree = "<group>"; };
		4420CD172C9CE9FB00146CEB /* SearchBuddyViewModel.swift */ = {isa = PBXFileReference; fileEncoding = 4; lastKnownFileType = sourcecode.swift; path = SearchBuddyViewModel.swift; sourceTree = "<group>"; };
		4458D3062BC6F005003FF70A /* ProgressViewModel.swift */ = {isa = PBXFileReference; lastKnownFileType = sourcecode.swift; path = ProgressViewModel.swift; sourceTree = "<group>"; };
		4458D3082BC6F052003FF70A /* ProgressView.swift */ = {isa = PBXFileReference; lastKnownFileType = sourcecode.swift; path = ProgressView.swift; sourceTree = "<group>"; };
		447237F52BBEA40E0073B4D4 /* WordSorterContentView.swift */ = {isa = PBXFileReference; lastKnownFileType = sourcecode.swift; path = WordSorterContentView.swift; sourceTree = "<group>"; };
		447237F72BBEA4AA0073B4D4 /* WordSorterViewModel.swift */ = {isa = PBXFileReference; lastKnownFileType = sourcecode.swift; path = WordSorterViewModel.swift; sourceTree = "<group>"; };
		447237F92BBEA5140073B4D4 /* Word.swift */ = {isa = PBXFileReference; lastKnownFileType = sourcecode.swift; path = Word.swift; sourceTree = "<group>"; };
		447237FB2BBEB9B70073B4D4 /* CustomSlider.swift */ = {isa = PBXFileReference; lastKnownFileType = sourcecode.swift; path = CustomSlider.swift; sourceTree = "<group>"; };
		447238002BBF72FA0073B4D4 /* DatabaseManager.swift */ = {isa = PBXFileReference; lastKnownFileType = sourcecode.swift; path = DatabaseManager.swift; sourceTree = "<group>"; };
		4472383A2BC352230073B4D4 /* ShareSheet.swift */ = {isa = PBXFileReference; lastKnownFileType = sourcecode.swift; path = ShareSheet.swift; sourceTree = "<group>"; };
		44ACF6002BBB38F50076C786 /* Ranker.app */ = {isa = PBXFileReference; explicitFileType = wrapper.application; includeInIndex = 0; path = Ranker.app; sourceTree = BUILT_PRODUCTS_DIR; };
		44ACF6032BBB38F50076C786 /* RankerApp.swift */ = {isa = PBXFileReference; lastKnownFileType = sourcecode.swift; path = RankerApp.swift; sourceTree = "<group>"; };
		44ACF6092BBB38F60076C786 /* Assets.xcassets */ = {isa = PBXFileReference; lastKnownFileType = folder.assetcatalog; path = Assets.xcassets; sourceTree = "<group>"; };
		44ACF60C2BBB38F60076C786 /* Preview Assets.xcassets */ = {isa = PBXFileReference; lastKnownFileType = folder.assetcatalog; path = "Preview Assets.xcassets"; sourceTree = "<group>"; };
		44ACF6122BBB38F60076C786 /* RankerTests.xctest */ = {isa = PBXFileReference; explicitFileType = wrapper.cfbundle; includeInIndex = 0; path = RankerTests.xctest; sourceTree = BUILT_PRODUCTS_DIR; };
		44ACF6162BBB38F60076C786 /* RankerTests.swift */ = {isa = PBXFileReference; lastKnownFileType = sourcecode.swift; path = RankerTests.swift; sourceTree = "<group>"; };
		44ACF61C2BBB38F60076C786 /* RankerUITests.xctest */ = {isa = PBXFileReference; explicitFileType = wrapper.cfbundle; includeInIndex = 0; path = RankerUITests.xctest; sourceTree = BUILT_PRODUCTS_DIR; };
		44ACF6202BBB38F60076C786 /* RankerUITests.swift */ = {isa = PBXFileReference; lastKnownFileType = sourcecode.swift; path = RankerUITests.swift; sourceTree = "<group>"; };
		44ACF6222BBB38F60076C786 /* RankerUITestsLaunchTests.swift */ = {isa = PBXFileReference; lastKnownFileType = sourcecode.swift; path = RankerUITestsLaunchTests.swift; sourceTree = "<group>"; };
		AE50A42F012A90B6109C8E88 /* AssociatedIdeasView.swift */ = {isa = PBXFileReference; fileEncoding = 4; lastKnownFileType = sourcecode.swift; path = AssociatedIdeasView.swift; sourceTree = "<group>"; };
		AE50A878973A42609D651779 /* SearchBuddy.swift */ = {isa = PBXFileReference; fileEncoding = 4; lastKnownFileType = sourcecode.swift; path = SearchBuddy.swift; sourceTree = "<group>"; };
		AE50A8E386106B950CDBD236 /* AssociatedIdeasViewTests.swift */ = {isa = PBXFileReference; fileEncoding = 4; lastKnownFileType = sourcecode.swift; path = AssociatedIdeasViewTests.swift; sourceTree = "<group>"; };
		AE50AB5808E59A60E940596C /* Test Instructions.txt */ = {isa = PBXFileReference; fileEncoding = 4; lastKnownFileType = text; path = "Test Instructions.txt"; sourceTree = "<group>"; };
		AE50AE0F6A13B6F8BA78F82C /* WordSorterViewModelTests.swift */ = {isa = PBXFileReference; fileEncoding = 4; lastKnownFileType = sourcecode.swift; path = WordSorterViewModelTests.swift; sourceTree = "<group>"; };
		AE50AF304D5E7C3AEC9E779A /* DatabaseManagerTests.swift */ = {isa = PBXFileReference; fileEncoding = 4; lastKnownFileType = sourcecode.swift; path = DatabaseManagerTests.swift; sourceTree = "<group>"; };
/* End PBXFileReference section */

/* Begin PBXFrameworksBuildPhase section */
		44ACF5FD2BBB38F50076C786 /* Frameworks */ = {
			isa = PBXFrameworksBuildPhase;
			buildActionMask = 2147483647;
			files = (
				447237FF2BBF72D10073B4D4 /* SQLite in Frameworks */,
			);
			runOnlyForDeploymentPostprocessing = 0;
		};
		44ACF60F2BBB38F60076C786 /* Frameworks */ = {
			isa = PBXFrameworksBuildPhase;
			buildActionMask = 2147483647;
			files = (
			);
			runOnlyForDeploymentPostprocessing = 0;
		};
		44ACF6192BBB38F60076C786 /* Frameworks */ = {
			isa = PBXFrameworksBuildPhase;
			buildActionMask = 2147483647;
			files = (
			);
			runOnlyForDeploymentPostprocessing = 0;
		};
/* End PBXFrameworksBuildPhase section */

/* Begin PBXGroup section */
		440121F22C9FA390003CEA5E /* Test Plans */ = {
			isa = PBXGroup;
			children = (
				440121F32C9FA416003CEA5E /* RankerTests.xctestplan */,
			);
			path = "Test Plans";
			sourceTree = "<group>";
		};
		44ACF5F72BBB38F50076C786 = {
			isa = PBXGroup;
			children = (
				440121F22C9FA390003CEA5E /* Test Plans */,
				44ACF6022BBB38F50076C786 /* Ranker */,
				44ACF6152BBB38F60076C786 /* RankerTests */,
				44ACF61F2BBB38F60076C786 /* RankerUITests */,
				44ACF6012BBB38F50076C786 /* Products */,
			);
			sourceTree = "<group>";
		};
		44ACF6012BBB38F50076C786 /* Products */ = {
			isa = PBXGroup;
			children = (
				44ACF6002BBB38F50076C786 /* Ranker.app */,
				44ACF6122BBB38F60076C786 /* RankerTests.xctest */,
				44ACF61C2BBB38F60076C786 /* RankerUITests.xctest */,
			);
			name = Products;
			sourceTree = "<group>";
		};
		44ACF6022BBB38F50076C786 /* Ranker */ = {
			isa = PBXGroup;
			children = (
				4420CD162C9CE9FB00146CEB /* ExportSheet.swift */,
				4420CD152C9CE9FB00146CEB /* FileManager.swift */,
				4420CD132C9CE9FB00146CEB /* SearchAdventureView.swift */,
				4420CD142C9CE9FB00146CEB /* SearchAdventureViewModel.swift */,
				4420CD172C9CE9FB00146CEB /* SearchBuddyViewModel.swift */,
				4410864E2C8D0FC7009890B1 /* RecorderWidgetView.swift */,
				44ACF6032BBB38F50076C786 /* RankerApp.swift */,
				44ACF6092BBB38F60076C786 /* Assets.xcassets */,
				44ACF60B2BBB38F60076C786 /* Preview Content */,
				447237F52BBEA40E0073B4D4 /* WordSorterContentView.swift */,
				447237F72BBEA4AA0073B4D4 /* WordSorterViewModel.swift */,
				447237F92BBEA5140073B4D4 /* Word.swift */,
				447237FB2BBEB9B70073B4D4 /* CustomSlider.swift */,
				447238002BBF72FA0073B4D4 /* DatabaseManager.swift */,
				4472383A2BC352230073B4D4 /* ShareSheet.swift */,
				4458D3062BC6F005003FF70A /* ProgressViewModel.swift */,
				4458D3082BC6F052003FF70A /* ProgressView.swift */,
				AE50A42F012A90B6109C8E88 /* AssociatedIdeasView.swift */,
				AE50A878973A42609D651779 /* SearchBuddy.swift */,
				AE50AB5808E59A60E940596C /* Test Instructions.txt */,
			);
			path = Ranker;
			sourceTree = "<group>";
		};
		44ACF60B2BBB38F60076C786 /* Preview Content */ = {
			isa = PBXGroup;
			children = (
				44ACF60C2BBB38F60076C786 /* Preview Assets.xcassets */,
			);
			path = "Preview Content";
			sourceTree = "<group>";
		};
		44ACF6152BBB38F60076C786 /* RankerTests */ = {
			isa = PBXGroup;
			children = (
				44ACF6162BBB38F60076C786 /* RankerTests.swift */,
				AE50AF304D5E7C3AEC9E779A /* DatabaseManagerTests.swift */,
				AE50AE0F6A13B6F8BA78F82C /* WordSorterViewModelTests.swift */,
			);
			path = RankerTests;
			sourceTree = "<group>";
		};
		44ACF61F2BBB38F60076C786 /* RankerUITests */ = {
			isa = PBXGroup;
			children = (
				44ACF6202BBB38F60076C786 /* RankerUITests.swift */,
				44ACF6222BBB38F60076C786 /* RankerUITestsLaunchTests.swift */,
				AE50A8E386106B950CDBD236 /* AssociatedIdeasViewTests.swift */,
			);
			path = RankerUITests;
			sourceTree = "<group>";
		};
/* End PBXGroup section */

/* Begin PBXNativeTarget section */
		44ACF5FF2BBB38F50076C786 /* Ranker */ = {
			isa = PBXNativeTarget;
			buildConfigurationList = 44ACF6262BBB38F60076C786 /* Build configuration list for PBXNativeTarget "Ranker" */;
			buildPhases = (
				44ACF5FC2BBB38F50076C786 /* Sources */,
				44ACF5FD2BBB38F50076C786 /* Frameworks */,
				44ACF5FE2BBB38F50076C786 /* Resources */,
			);
			buildRules = (
			);
			dependencies = (
			);
			name = Ranker;
			packageProductDependencies = (
				447237FE2BBF72D10073B4D4 /* SQLite */,
			);
			productName = Ranker;
			productReference = 44ACF6002BBB38F50076C786 /* Ranker.app */;
			productType = "com.apple.product-type.application";
		};
		44ACF6112BBB38F60076C786 /* RankerTests */ = {
			isa = PBXNativeTarget;
			buildConfigurationList = 44ACF6292BBB38F60076C786 /* Build configuration list for PBXNativeTarget "RankerTests" */;
			buildPhases = (
				44ACF60E2BBB38F60076C786 /* Sources */,
				44ACF60F2BBB38F60076C786 /* Frameworks */,
				44ACF6102BBB38F60076C786 /* Resources */,
			);
			buildRules = (
			);
			dependencies = (
				44ACF6142BBB38F60076C786 /* PBXTargetDependency */,
			);
			name = RankerTests;
			productName = RankerTests;
			productReference = 44ACF6122BBB38F60076C786 /* RankerTests.xctest */;
			productType = "com.apple.product-type.bundle.unit-test";
		};
		44ACF61B2BBB38F60076C786 /* RankerUITests */ = {
			isa = PBXNativeTarget;
			buildConfigurationList = 44ACF62C2BBB38F60076C786 /* Build configuration list for PBXNativeTarget "RankerUITests" */;
			buildPhases = (
				44ACF6182BBB38F60076C786 /* Sources */,
				44ACF6192BBB38F60076C786 /* Frameworks */,
				44ACF61A2BBB38F60076C786 /* Resources */,
			);
			buildRules = (
			);
			dependencies = (
				44ACF61E2BBB38F60076C786 /* PBXTargetDependency */,
			);
			name = RankerUITests;
			productName = RankerUITests;
			productReference = 44ACF61C2BBB38F60076C786 /* RankerUITests.xctest */;
			productType = "com.apple.product-type.bundle.ui-testing";
		};
/* End PBXNativeTarget section */

/* Begin PBXProject section */
		44ACF5F82BBB38F50076C786 /* Project object */ = {
			isa = PBXProject;
			attributes = {
				BuildIndependentTargetsInParallel = 1;
				LastSwiftUpdateCheck = 1520;
				LastUpgradeCheck = 1520;
				TargetAttributes = {
					44ACF5FF2BBB38F50076C786 = {
						CreatedOnToolsVersion = 15.2;
					};
					44ACF6112BBB38F60076C786 = {
						CreatedOnToolsVersion = 15.2;
						TestTargetID = 44ACF5FF2BBB38F50076C786;
					};
					44ACF61B2BBB38F60076C786 = {
						CreatedOnToolsVersion = 15.2;
						TestTargetID = 44ACF5FF2BBB38F50076C786;
					};
				};
			};
			buildConfigurationList = 44ACF5FB2BBB38F50076C786 /* Build configuration list for PBXProject "Ranker" */;
			compatibilityVersion = "Xcode 14.0";
			developmentRegion = en;
			hasScannedForEncodings = 0;
			knownRegions = (
				en,
				Base,
			);
			mainGroup = 44ACF5F72BBB38F50076C786;
			packageReferences = (
				447237FD2BBF72D10073B4D4 /* XCRemoteSwiftPackageReference "SQLite.swift" */,
			);
			productRefGroup = 44ACF6012BBB38F50076C786 /* Products */;
			projectDirPath = "";
			projectRoot = "";
			targets = (
				44ACF5FF2BBB38F50076C786 /* Ranker */,
				44ACF6112BBB38F60076C786 /* RankerTests */,
				44ACF61B2BBB38F60076C786 /* RankerUITests */,
			);
		};
/* End PBXProject section */

/* Begin PBXResourcesBuildPhase section */
		44ACF5FE2BBB38F50076C786 /* Resources */ = {
			isa = PBXResourcesBuildPhase;
			buildActionMask = 2147483647;
			files = (
				44ACF60D2BBB38F60076C786 /* Preview Assets.xcassets in Resources */,
				44ACF60A2BBB38F60076C786 /* Assets.xcassets in Resources */,
				AE50A0F08E51E1B89D164364 /* Test Instructions.txt in Resources */,
			);
			runOnlyForDeploymentPostprocessing = 0;
		};
		44ACF6102BBB38F60076C786 /* Resources */ = {
			isa = PBXResourcesBuildPhase;
			buildActionMask = 2147483647;
			files = (
			);
			runOnlyForDeploymentPostprocessing = 0;
		};
		44ACF61A2BBB38F60076C786 /* Resources */ = {
			isa = PBXResourcesBuildPhase;
			buildActionMask = 2147483647;
			files = (
			);
			runOnlyForDeploymentPostprocessing = 0;
		};
/* End PBXResourcesBuildPhase section */

/* Begin PBXSourcesBuildPhase section */
		44ACF5FC2BBB38F50076C786 /* Sources */ = {
			isa = PBXSourcesBuildPhase;
			buildActionMask = 2147483647;
			files = (
				4420CD1B2C9CE9FB00146CEB /* FileManager.swift in Sources */,
				447238012BBF72FA0073B4D4 /* DatabaseManager.swift in Sources */,
				4420CD1A2C9CE9FB00146CEB /* SearchAdventureViewModel.swift in Sources */,
				447237FC2BBEB9B70073B4D4 /* CustomSlider.swift in Sources */,
				447237F62BBEA40E0073B4D4 /* WordSorterContentView.swift in Sources */,
				4458D3072BC6F005003FF70A /* ProgressViewModel.swift in Sources */,
				44ACF6042BBB38F50076C786 /* RankerApp.swift in Sources */,
				4420CD1C2C9CE9FB00146CEB /* ExportSheet.swift in Sources */,
				447237F82BBEA4AA0073B4D4 /* WordSorterViewModel.swift in Sources */,
				4420CD192C9CE9FB00146CEB /* SearchAdventureView.swift in Sources */,
				447237FA2BBEA5140073B4D4 /* Word.swift in Sources */,
				4472383B2BC352230073B4D4 /* ShareSheet.swift in Sources */,
				4458D3092BC6F052003FF70A /* ProgressView.swift in Sources */,
				AE50A10E9EDBA7C284FACBFA /* AssociatedIdeasView.swift in Sources */,
				4410864F2C8D0FC7009890B1 /* RecorderWidgetView.swift in Sources */,
				AE50A9F899BEE8912EF32900 /* SearchBuddy.swift in Sources */,
				4420CD1D2C9CE9FB00146CEB /* SearchBuddyViewModel.swift in Sources */,
			);
			runOnlyForDeploymentPostprocessing = 0;
		};
		44ACF60E2BBB38F60076C786 /* Sources */ = {
			isa = PBXSourcesBuildPhase;
			buildActionMask = 2147483647;
			files = (
				44ACF6172BBB38F60076C786 /* RankerTests.swift in Sources */,
				AE50AD305EC64BFFA048E2E4 /* DatabaseManagerTests.swift in Sources */,
				AE50AE6CF9F886A968A8D9A9 /* WordSorterViewModelTests.swift in Sources */,
			);
			runOnlyForDeploymentPostprocessing = 0;
		};
		44ACF6182BBB38F60076C786 /* Sources */ = {
			isa = PBXSourcesBuildPhase;
			buildActionMask = 2147483647;
			files = (
				44ACF6212BBB38F60076C786 /* RankerUITests.swift in Sources */,
				44ACF6232BBB38F60076C786 /* RankerUITestsLaunchTests.swift in Sources */,
				AE50AE3D7DD55737BAE95B87 /* AssociatedIdeasViewTests.swift in Sources */,
			);
			runOnlyForDeploymentPostprocessing = 0;
		};
/* End PBXSourcesBuildPhase section */

/* Begin PBXTargetDependency section */
		44ACF6142BBB38F60076C786 /* PBXTargetDependency */ = {
			isa = PBXTargetDependency;
			target = 44ACF5FF2BBB38F50076C786 /* Ranker */;
			targetProxy = 44ACF6132BBB38F60076C786 /* PBXContainerItemProxy */;
		};
		44ACF61E2BBB38F60076C786 /* PBXTargetDependency */ = {
			isa = PBXTargetDependency;
			target = 44ACF5FF2BBB38F50076C786 /* Ranker */;
			targetProxy = 44ACF61D2BBB38F60076C786 /* PBXContainerItemProxy */;
		};
/* End PBXTargetDependency section */

/* Begin XCBuildConfiguration section */
		44ACF6242BBB38F60076C786 /* Debug */ = {
			isa = XCBuildConfiguration;
			buildSettings = {
				ALWAYS_SEARCH_USER_PATHS = NO;
				ASSETCATALOG_COMPILER_GENERATE_SWIFT_ASSET_SYMBOL_EXTENSIONS = YES;
				CLANG_ANALYZER_NONNULL = YES;
				CLANG_ANALYZER_NUMBER_OBJECT_CONVERSION = YES_AGGRESSIVE;
				CLANG_CXX_LANGUAGE_STANDARD = "gnu++20";
				CLANG_ENABLE_MODULES = YES;
				CLANG_ENABLE_OBJC_ARC = YES;
				CLANG_ENABLE_OBJC_WEAK = YES;
				CLANG_WARN_BLOCK_CAPTURE_AUTORELEASING = YES;
				CLANG_WARN_BOOL_CONVERSION = YES;
				CLANG_WARN_COMMA = YES;
				CLANG_WARN_CONSTANT_CONVERSION = YES;
				CLANG_WARN_DEPRECATED_OBJC_IMPLEMENTATIONS = YES;
				CLANG_WARN_DIRECT_OBJC_ISA_USAGE = YES_ERROR;
				CLANG_WARN_DOCUMENTATION_COMMENTS = YES;
				CLANG_WARN_EMPTY_BODY = YES;
				CLANG_WARN_ENUM_CONVERSION = YES;
				CLANG_WARN_INFINITE_RECURSION = YES;
				CLANG_WARN_INT_CONVERSION = YES;
				CLANG_WARN_NON_LITERAL_NULL_CONVERSION = YES;
				CLANG_WARN_OBJC_IMPLICIT_RETAIN_SELF = YES;
				CLANG_WARN_OBJC_LITERAL_CONVERSION = YES;
				CLANG_WARN_OBJC_ROOT_CLASS = YES_ERROR;
				CLANG_WARN_QUOTED_INCLUDE_IN_FRAMEWORK_HEADER = YES;
				CLANG_WARN_RANGE_LOOP_ANALYSIS = YES;
				CLANG_WARN_STRICT_PROTOTYPES = YES;
				CLANG_WARN_SUSPICIOUS_MOVE = YES;
				CLANG_WARN_UNGUARDED_AVAILABILITY = YES_AGGRESSIVE;
				CLANG_WARN_UNREACHABLE_CODE = YES;
				CLANG_WARN__DUPLICATE_METHOD_MATCH = YES;
				COPY_PHASE_STRIP = NO;
				DEBUG_INFORMATION_FORMAT = dwarf;
				ENABLE_STRICT_OBJC_MSGSEND = YES;
				ENABLE_TESTABILITY = YES;
				ENABLE_USER_SCRIPT_SANDBOXING = YES;
				GCC_C_LANGUAGE_STANDARD = gnu17;
				GCC_DYNAMIC_NO_PIC = NO;
				GCC_NO_COMMON_BLOCKS = YES;
				GCC_OPTIMIZATION_LEVEL = 0;
				GCC_PREPROCESSOR_DEFINITIONS = (
					"DEBUG=1",
					"$(inherited)",
				);
				GCC_WARN_64_TO_32_BIT_CONVERSION = YES;
				GCC_WARN_ABOUT_RETURN_TYPE = YES_ERROR;
				GCC_WARN_UNDECLARED_SELECTOR = YES;
				GCC_WARN_UNINITIALIZED_AUTOS = YES_AGGRESSIVE;
				GCC_WARN_UNUSED_FUNCTION = YES;
				GCC_WARN_UNUSED_VARIABLE = YES;
				IPHONEOS_DEPLOYMENT_TARGET = 17.2;
				LOCALIZATION_PREFERS_STRING_CATALOGS = YES;
				MTL_ENABLE_DEBUG_INFO = INCLUDE_SOURCE;
				MTL_FAST_MATH = YES;
				ONLY_ACTIVE_ARCH = YES;
				SDKROOT = iphoneos;
				SWIFT_ACTIVE_COMPILATION_CONDITIONS = "DEBUG $(inherited)";
				SWIFT_OPTIMIZATION_LEVEL = "-Onone";
			};
			name = Debug;
		};
		44ACF6252BBB38F60076C786 /* Release */ = {
			isa = XCBuildConfiguration;
			buildSettings = {
				ALWAYS_SEARCH_USER_PATHS = NO;
				ASSETCATALOG_COMPILER_GENERATE_SWIFT_ASSET_SYMBOL_EXTENSIONS = YES;
				CLANG_ANALYZER_NONNULL = YES;
				CLANG_ANALYZER_NUMBER_OBJECT_CONVERSION = YES_AGGRESSIVE;
				CLANG_CXX_LANGUAGE_STANDARD = "gnu++20";
				CLANG_ENABLE_MODULES = YES;
				CLANG_ENABLE_OBJC_ARC = YES;
				CLANG_ENABLE_OBJC_WEAK = YES;
				CLANG_WARN_BLOCK_CAPTURE_AUTORELEASING = YES;
				CLANG_WARN_BOOL_CONVERSION = YES;
				CLANG_WARN_COMMA = YES;
				CLANG_WARN_CONSTANT_CONVERSION = YES;
				CLANG_WARN_DEPRECATED_OBJC_IMPLEMENTATIONS = YES;
				CLANG_WARN_DIRECT_OBJC_ISA_USAGE = YES_ERROR;
				CLANG_WARN_DOCUMENTATION_COMMENTS = YES;
				CLANG_WARN_EMPTY_BODY = YES;
				CLANG_WARN_ENUM_CONVERSION = YES;
				CLANG_WARN_INFINITE_RECURSION = YES;
				CLANG_WARN_INT_CONVERSION = YES;
				CLANG_WARN_NON_LITERAL_NULL_CONVERSION = YES;
				CLANG_WARN_OBJC_IMPLICIT_RETAIN_SELF = YES;
				CLANG_WARN_OBJC_LITERAL_CONVERSION = YES;
				CLANG_WARN_OBJC_ROOT_CLASS = YES_ERROR;
				CLANG_WARN_QUOTED_INCLUDE_IN_FRAMEWORK_HEADER = YES;
				CLANG_WARN_RANGE_LOOP_ANALYSIS = YES;
				CLANG_WARN_STRICT_PROTOTYPES = YES;
				CLANG_WARN_SUSPICIOUS_MOVE = YES;
				CLANG_WARN_UNGUARDED_AVAILABILITY = YES_AGGRESSIVE;
				CLANG_WARN_UNREACHABLE_CODE = YES;
				CLANG_WARN__DUPLICATE_METHOD_MATCH = YES;
				COPY_PHASE_STRIP = NO;
				DEBUG_INFORMATION_FORMAT = "dwarf-with-dsym";
				ENABLE_NS_ASSERTIONS = NO;
				ENABLE_STRICT_OBJC_MSGSEND = YES;
				ENABLE_USER_SCRIPT_SANDBOXING = YES;
				GCC_C_LANGUAGE_STANDARD = gnu17;
				GCC_NO_COMMON_BLOCKS = YES;
				GCC_WARN_64_TO_32_BIT_CONVERSION = YES;
				GCC_WARN_ABOUT_RETURN_TYPE = YES_ERROR;
				GCC_WARN_UNDECLARED_SELECTOR = YES;
				GCC_WARN_UNINITIALIZED_AUTOS = YES_AGGRESSIVE;
				GCC_WARN_UNUSED_FUNCTION = YES;
				GCC_WARN_UNUSED_VARIABLE = YES;
				IPHONEOS_DEPLOYMENT_TARGET = 17.2;
				LOCALIZATION_PREFERS_STRING_CATALOGS = YES;
				MTL_ENABLE_DEBUG_INFO = NO;
				MTL_FAST_MATH = YES;
				SDKROOT = iphoneos;
				SWIFT_COMPILATION_MODE = wholemodule;
				VALIDATE_PRODUCT = YES;
			};
			name = Release;
		};
		44ACF6272BBB38F60076C786 /* Debug */ = {
			isa = XCBuildConfiguration;
			buildSettings = {
				ASSETCATALOG_COMPILER_APPICON_NAME = AppIcon;
				ASSETCATALOG_COMPILER_GLOBAL_ACCENT_COLOR_NAME = AccentColor;
				CODE_SIGN_STYLE = Automatic;
				CURRENT_PROJECT_VERSION = 1;
				DEVELOPMENT_ASSET_PATHS = "\"Ranker/Preview Content\"";
				DEVELOPMENT_TEAM = 44SCLSYCZZ;
				ENABLE_PREVIEWS = YES;
				GENERATE_INFOPLIST_FILE = YES;
				INFOPLIST_KEY_NSMicrophoneUsageDescription = "We need microphone access to record voice data for word associations.";
				INFOPLIST_KEY_UIApplicationSceneManifest_Generation = YES;
				INFOPLIST_KEY_UIApplicationSupportsIndirectInputEvents = YES;
				INFOPLIST_KEY_UILaunchScreen_Generation = YES;
				INFOPLIST_KEY_UISupportedInterfaceOrientations_iPad = "UIInterfaceOrientationPortrait UIInterfaceOrientationPortraitUpsideDown UIInterfaceOrientationLandscapeLeft UIInterfaceOrientationLandscapeRight";
				INFOPLIST_KEY_UISupportedInterfaceOrientations_iPhone = "UIInterfaceOrientationPortrait UIInterfaceOrientationLandscapeLeft UIInterfaceOrientationLandscapeRight";
				LD_RUNPATH_SEARCH_PATHS = (
					"$(inherited)",
					"@executable_path/Frameworks",
				);
				MARKETING_VERSION = 1.0;
				PRODUCT_BUNDLE_IDENTIFIER = vision.salient.Ranker;
				PRODUCT_NAME = "$(TARGET_NAME)";
				SWIFT_EMIT_LOC_STRINGS = YES;
				SWIFT_VERSION = 5.0;
				TARGETED_DEVICE_FAMILY = "1,2";
			};
			name = Debug;
		};
		44ACF6282BBB38F60076C786 /* Release */ = {
			isa = XCBuildConfiguration;
			buildSettings = {
				ASSETCATALOG_COMPILER_APPICON_NAME = AppIcon;
				ASSETCATALOG_COMPILER_GLOBAL_ACCENT_COLOR_NAME = AccentColor;
				CODE_SIGN_STYLE = Automatic;
				CURRENT_PROJECT_VERSION = 1;
				DEVELOPMENT_ASSET_PATHS = "\"Ranker/Preview Content\"";
				DEVELOPMENT_TEAM = 44SCLSYCZZ;
				ENABLE_PREVIEWS = YES;
				GENERATE_INFOPLIST_FILE = YES;
				INFOPLIST_KEY_NSMicrophoneUsageDescription = "We need microphone access to record voice data for word associations.";
				INFOPLIST_KEY_UIApplicationSceneManifest_Generation = YES;
				INFOPLIST_KEY_UIApplicationSupportsIndirectInputEvents = YES;
				INFOPLIST_KEY_UILaunchScreen_Generation = YES;
				INFOPLIST_KEY_UISupportedInterfaceOrientations_iPad = "UIInterfaceOrientationPortrait UIInterfaceOrientationPortraitUpsideDown UIInterfaceOrientationLandscapeLeft UIInterfaceOrientationLandscapeRight";
				INFOPLIST_KEY_UISupportedInterfaceOrientations_iPhone = "UIInterfaceOrientationPortrait UIInterfaceOrientationLandscapeLeft UIInterfaceOrientationLandscapeRight";
				LD_RUNPATH_SEARCH_PATHS = (
					"$(inherited)",
					"@executable_path/Frameworks",
				);
				MARKETING_VERSION = 1.0;
				PRODUCT_BUNDLE_IDENTIFIER = vision.salient.Ranker;
				PRODUCT_NAME = "$(TARGET_NAME)";
				SWIFT_EMIT_LOC_STRINGS = YES;
				SWIFT_VERSION = 5.0;
				TARGETED_DEVICE_FAMILY = "1,2";
			};
			name = Release;
		};
		44ACF62A2BBB38F60076C786 /* Debug */ = {
			isa = XCBuildConfiguration;
			buildSettings = {
				ALWAYS_EMBED_SWIFT_STANDARD_LIBRARIES = YES;
				BUNDLE_LOADER = "$(TEST_HOST)";
				CODE_SIGN_STYLE = Automatic;
				CURRENT_PROJECT_VERSION = 1;
				GENERATE_INFOPLIST_FILE = YES;
				IPHONEOS_DEPLOYMENT_TARGET = 17.2;
				MARKETING_VERSION = 1.0;
				PRODUCT_BUNDLE_IDENTIFIER = vision.salient.RankerTests;
				PRODUCT_NAME = "$(TARGET_NAME)";
				SWIFT_EMIT_LOC_STRINGS = NO;
				SWIFT_VERSION = 5.0;
				TARGETED_DEVICE_FAMILY = "1,2";
				TEST_HOST = "$(BUILT_PRODUCTS_DIR)/Ranker.app/$(BUNDLE_EXECUTABLE_FOLDER_PATH)/Ranker";
			};
			name = Debug;
		};
		44ACF62B2BBB38F60076C786 /* Release */ = {
			isa = XCBuildConfiguration;
			buildSettings = {
				ALWAYS_EMBED_SWIFT_STANDARD_LIBRARIES = YES;
				BUNDLE_LOADER = "$(TEST_HOST)";
				CODE_SIGN_STYLE = Automatic;
				CURRENT_PROJECT_VERSION = 1;
				GENERATE_INFOPLIST_FILE = YES;
				IPHONEOS_DEPLOYMENT_TARGET = 17.2;
				MARKETING_VERSION = 1.0;
				PRODUCT_BUNDLE_IDENTIFIER = vision.salient.RankerTests;
				PRODUCT_NAME = "$(TARGET_NAME)";
				SWIFT_EMIT_LOC_STRINGS = NO;
				SWIFT_VERSION = 5.0;
				TARGETED_DEVICE_FAMILY = "1,2";
				TEST_HOST = "$(BUILT_PRODUCTS_DIR)/Ranker.app/$(BUNDLE_EXECUTABLE_FOLDER_PATH)/Ranker";
			};
			name = Release;
		};
		44ACF62D2BBB38F60076C786 /* Debug */ = {
			isa = XCBuildConfiguration;
			buildSettings = {
				ALWAYS_EMBED_SWIFT_STANDARD_LIBRARIES = YES;
				CODE_SIGN_STYLE = Automatic;
				CURRENT_PROJECT_VERSION = 1;
				GENERATE_INFOPLIST_FILE = YES;
				MARKETING_VERSION = 1.0;
				PRODUCT_BUNDLE_IDENTIFIER = vision.salient.RankerUITests;
				PRODUCT_NAME = "$(TARGET_NAME)";
				SWIFT_EMIT_LOC_STRINGS = NO;
				SWIFT_VERSION = 5.0;
				TARGETED_DEVICE_FAMILY = "1,2";
				TEST_TARGET_NAME = Ranker;
			};
			name = Debug;
		};
		44ACF62E2BBB38F60076C786 /* Release */ = {
			isa = XCBuildConfiguration;
			buildSettings = {
				ALWAYS_EMBED_SWIFT_STANDARD_LIBRARIES = YES;
				CODE_SIGN_STYLE = Automatic;
				CURRENT_PROJECT_VERSION = 1;
				GENERATE_INFOPLIST_FILE = YES;
				MARKETING_VERSION = 1.0;
				PRODUCT_BUNDLE_IDENTIFIER = vision.salient.RankerUITests;
				PRODUCT_NAME = "$(TARGET_NAME)";
				SWIFT_EMIT_LOC_STRINGS = NO;
				SWIFT_VERSION = 5.0;
				TARGETED_DEVICE_FAMILY = "1,2";
				TEST_TARGET_NAME = Ranker;
			};
			name = Release;
		};
/* End XCBuildConfiguration section */

/* Begin XCConfigurationList section */
		44ACF5FB2BBB38F50076C786 /* Build configuration list for PBXProject "Ranker" */ = {
			isa = XCConfigurationList;
			buildConfigurations = (
				44ACF6242BBB38F60076C786 /* Debug */,
				44ACF6252BBB38F60076C786 /* Release */,
			);
			defaultConfigurationIsVisible = 0;
			defaultConfigurationName = Release;
		};
		44ACF6262BBB38F60076C786 /* Build configuration list for PBXNativeTarget "Ranker" */ = {
			isa = XCConfigurationList;
			buildConfigurations = (
				44ACF6272BBB38F60076C786 /* Debug */,
				44ACF6282BBB38F60076C786 /* Release */,
			);
			defaultConfigurationIsVisible = 0;
			defaultConfigurationName = Release;
		};
		44ACF6292BBB38F60076C786 /* Build configuration list for PBXNativeTarget "RankerTests" */ = {
			isa = XCConfigurationList;
			buildConfigurations = (
				44ACF62A2BBB38F60076C786 /* Debug */,
				44ACF62B2BBB38F60076C786 /* Release */,
			);
			defaultConfigurationIsVisible = 0;
			defaultConfigurationName = Release;
		};
		44ACF62C2BBB38F60076C786 /* Build configuration list for PBXNativeTarget "RankerUITests" */ = {
			isa = XCConfigurationList;
			buildConfigurations = (
				44ACF62D2BBB38F60076C786 /* Debug */,
				44ACF62E2BBB38F60076C786 /* Release */,
			);
			defaultConfigurationIsVisible = 0;
			defaultConfigurationName = Release;
		};
/* End XCConfigurationList section */

/* Begin XCRemoteSwiftPackageReference section */
		447237FD2BBF72D10073B4D4 /* XCRemoteSwiftPackageReference "SQLite.swift" */ = {
			isa = XCRemoteSwiftPackageReference;
			repositoryURL = "https://github.com/stephencelis/SQLite.swift.git";
			requirement = {
				kind = upToNextMajorVersion;
				minimumVersion = 0.15.0;
			};
		};
/* End XCRemoteSwiftPackageReference section */

/* Begin XCSwiftPackageProductDependency section */
		447237FE2BBF72D10073B4D4 /* SQLite */ = {
			isa = XCSwiftPackageProductDependency;
			package = 447237FD2BBF72D10073B4D4 /* XCRemoteSwiftPackageReference "SQLite.swift" */;
			productName = SQLite;
		};
/* End XCSwiftPackageProductDependency section */
	};
	rootObject = 44ACF5F82BBB38F50076C786 /* Project object */;
}
